
Microsoft Visual Studio Solution File, Format Version 12.00
# Visual Studio Version 16
VisualStudioVersion = 16.0.30104.148
MinimumVisualStudioVersion = 10.0.40219.1
Project("{FAE04EC0-301F-11D3-BF4B-00C04F79EFBC}") = "ImpossibleBeacon", "ImpossibleBeacon.csproj", "{4FFE4461-3978-4C0C-99F0-0279E802BF1A}"
EndProject
Global
	GlobalSection(SolutionConfigurationPlatforms) = preSolution
		Debug|Any CPU = Debug|Any CPU
		Release|Any CPU = Release|Any CPU
	EndGlobalSection
	GlobalSection(ProjectConfigurationPlatforms) = postSolution
		{4FFE4461-3978-4C0C-99F0-0279E802BF1A}.Debug|Any CPU.ActiveCfg = Debug|Any CPU
		{4FFE4461-3978-4C0C-99F0-0279E802BF1A}.Debug|Any CPU.Build.0 = Debug|Any CPU
		{4FFE4461-3978-4C0C-99F0-0279E802BF1A}.Release|Any CPU.ActiveCfg = Release|Any CPU
		{4FFE4461-3978-4C0C-99F0-0279E802BF1A}.Release|Any CPU.Build.0 = Release|Any CPU
	EndGlobalSection
	GlobalSection(SolutionProperties) = preSolution
		HideSolutionNode = FALSE
	EndGlobalSection
	GlobalSection(ExtensibilityGlobals) = postSolution
		SolutionGuid = {5431DDBC-0F6D-499E-B69F-A30AE6AA19A5}
	EndGlobalSection
EndGlobal
